
Microsoft Visual Studio Solution File, Format Version 12.00
# Visual Studio Version 17
VisualStudioVersion = 17.11.35327.3
MinimumVisualStudioVersion = 10.0.40219.1
Project("{9A19103F-16F7-4668-BE54-9A1E7A4F7556}") = "TipTrip", "TipTrip\TipTrip.csproj", "{47620BEC-F2CF-45BC-B485-B588E59922BF}"
EndProject
Project("{9A19103F-16F7-4668-BE54-9A1E7A4F7556}") = "TipTrip.Common", "TipTrip.Common\TipTrip.Common.csproj", "{545A9B99-CA33-4935-AAC5-78094DD3F972}"
EndProject
Project("{9A19103F-16F7-4668-BE54-9A1E7A4F7556}") = "TipTrip.IdentityFramework", "TipTrip.EntityFrameworkCore\TipTrip.IdentityFramework.csproj", "{67A26B91-2587-49FA-928A-CB07DCB8A97F}"
EndProject
Global
	GlobalSection(SolutionConfigurationPlatforms) = preSolution
		Debug|Any CPU = Debug|Any CPU
		Release|Any CPU = Release|Any CPU
	EndGlobalSection
	GlobalSection(ProjectConfigurationPlatforms) = postSolution
		{47620BEC-F2CF-45BC-B485-B588E59922BF}.Debug|Any CPU.ActiveCfg = Debug|Any CPU
		{47620BEC-F2CF-45BC-B485-B588E59922BF}.Debug|Any CPU.Build.0 = Debug|Any CPU
		{47620BEC-F2CF-45BC-B485-B588E59922BF}.Release|Any CPU.ActiveCfg = Release|Any CPU
		{47620BEC-F2CF-45BC-B485-B588E59922BF}.Release|Any CPU.Build.0 = Release|Any CPU
		{545A9B99-CA33-4935-AAC5-78094DD3F972}.Debug|Any CPU.ActiveCfg = Debug|Any CPU
		{545A9B99-CA33-4935-AAC5-78094DD3F972}.Debug|Any CPU.Build.0 = Debug|Any CPU
		{545A9B99-CA33-4935-AAC5-78094DD3F972}.Release|Any CPU.ActiveCfg = Release|Any CPU
		{545A9B99-CA33-4935-AAC5-78094DD3F972}.Release|Any CPU.Build.0 = Release|Any CPU
		{67A26B91-2587-49FA-928A-CB07DCB8A97F}.Debug|Any CPU.ActiveCfg = Debug|Any CPU
		{67A26B91-2587-49FA-928A-CB07DCB8A97F}.Debug|Any CPU.Build.0 = Debug|Any CPU
		{67A26B91-2587-49FA-928A-CB07DCB8A97F}.Release|Any CPU.ActiveCfg = Release|Any CPU
		{67A26B91-2587-49FA-928A-CB07DCB8A97F}.Release|Any CPU.Build.0 = Release|Any CPU
	EndGlobalSection
	GlobalSection(SolutionProperties) = preSolution
		HideSolutionNode = FALSE
	EndGlobalSection
	GlobalSection(ExtensibilityGlobals) = postSolution
		SolutionGuid = {BC017325-59EC-4445-89FA-5D488F695B44}
	EndGlobalSection
EndGlobal
